
Microsoft Visual Studio Solution File, Format Version 12.00
# Visual Studio Version 17
VisualStudioVersion = 17.9.34526.213
MinimumVisualStudioVersion = 10.0.40219.1
Project("{FAE04EC0-301F-11D3-BF4B-00C04F79EFBC}") = "WindowAPI", "WindowAPI\WindowAPI.csproj", "{4EB24950-1CB4-430D-98A9-528935D7ED66}"
EndProject
Project("{FAE04EC0-301F-11D3-BF4B-00C04F79EFBC}") = "TestCode", "TestCode\TestCode.csproj", "{69D2CE2D-F762-4B3B-BFD5-CAC54754F91D}"
EndProject
Global
	GlobalSection(SolutionConfigurationPlatforms) = preSolution
		Debug|Any CPU = Debug|Any CPU
		Release|Any CPU = Release|Any CPU
	EndGlobalSection
	GlobalSection(ProjectConfigurationPlatforms) = postSolution
		{4EB24950-1CB4-430D-98A9-528935D7ED66}.Debug|Any CPU.ActiveCfg = Debug|Any CPU
		{4EB24950-1CB4-430D-98A9-528935D7ED66}.Debug|Any CPU.Build.0 = Debug|Any CPU
		{4EB24950-1CB4-430D-98A9-528935D7ED66}.Release|Any CPU.ActiveCfg = Release|Any CPU
		{4EB24950-1CB4-430D-98A9-528935D7ED66}.Release|Any CPU.Build.0 = Release|Any CPU
		{69D2CE2D-F762-4B3B-BFD5-CAC54754F91D}.Debug|Any CPU.ActiveCfg = Debug|Any CPU
		{69D2CE2D-F762-4B3B-BFD5-CAC54754F91D}.Debug|Any CPU.Build.0 = Debug|Any CPU
		{69D2CE2D-F762-4B3B-BFD5-CAC54754F91D}.Release|Any CPU.ActiveCfg = Release|Any CPU
		{69D2CE2D-F762-4B3B-BFD5-CAC54754F91D}.Release|Any CPU.Build.0 = Release|Any CPU
	EndGlobalSection
	GlobalSection(SolutionProperties) = preSolution
		HideSolutionNode = FALSE
	EndGlobalSection
	GlobalSection(ExtensibilityGlobals) = postSolution
		SolutionGuid = {0CD5828F-122F-46BA-815B-111DF501CFF5}
	EndGlobalSection
EndGlobal
